
Microsoft Visual Studio Solution File, Format Version 12.00
# Visual Studio 2012
Project("{FAE04EC0-301F-11D3-BF4B-00C04F79EFBC}") = "praticeDemo", "praticeDemo\praticeDemo.csproj", "{F1EE41AD-7665-46BC-8394-F863E5F4D036}"
EndProject
Global
	GlobalSection(SolutionConfigurationPlatforms) = preSolution
		Debug|Any CPU = Debug|Any CPU
		Release|Any CPU = Release|Any CPU
	EndGlobalSection
	GlobalSection(ProjectConfigurationPlatforms) = postSolution
		{F1EE41AD-7665-46BC-8394-F863E5F4D036}.Debug|Any CPU.ActiveCfg = Debug|Any CPU
		{F1EE41AD-7665-46BC-8394-F863E5F4D036}.Debug|Any CPU.Build.0 = Debug|Any CPU
		{F1EE41AD-7665-46BC-8394-F863E5F4D036}.Release|Any CPU.ActiveCfg = Release|Any CPU
		{F1EE41AD-7665-46BC-8394-F863E5F4D036}.Release|Any CPU.Build.0 = Release|Any CPU
	EndGlobalSection
EndGlobal
